
Microsoft Visual Studio Solution File, Format Version 12.00
# Visual Studio Version 17
VisualStudioVersion = 17.4.33103.184
MinimumVisualStudioVersion = 10.0.40219.1
Project("{FAE04EC0-301F-11D3-BF4B-00C04F79EFBC}") = "Recap_3_1", "Recap_3_1\Recap_3_1.csproj", "{76FC784A-EAD0-450F-9602-A4E6B4D72D58}"
EndProject
Global
	GlobalSection(SolutionConfigurationPlatforms) = preSolution
		Debug|Any CPU = Debug|Any CPU
		Release|Any CPU = Release|Any CPU
	EndGlobalSection
	GlobalSection(ProjectConfigurationPlatforms) = postSolution
		{76FC784A-EAD0-450F-9602-A4E6B4D72D58}.Debug|Any CPU.ActiveCfg = Debug|Any CPU
		{76FC784A-EAD0-450F-9602-A4E6B4D72D58}.Debug|Any CPU.Build.0 = Debug|Any CPU
		{76FC784A-EAD0-450F-9602-A4E6B4D72D58}.Release|Any CPU.ActiveCfg = Release|Any CPU
		{76FC784A-EAD0-450F-9602-A4E6B4D72D58}.Release|Any CPU.Build.0 = Release|Any CPU
	EndGlobalSection
	GlobalSection(SolutionProperties) = preSolution
		HideSolutionNode = FALSE
	EndGlobalSection
	GlobalSection(ExtensibilityGlobals) = postSolution
		SolutionGuid = {E5682FD9-3DE6-4765-A8F2-DB4A329ACA27}
	EndGlobalSection
EndGlobal
